
Microsoft Visual Studio Solution File, Format Version 12.00
# Visual Studio Version 17
VisualStudioVersion = 17.13.35825.156 d17.13
MinimumVisualStudioVersion = 10.0.40219.1
Project("{FAE04EC0-301F-11D3-BF4B-00C04F79EFBC}") = "PetFinder", "PetFinder\PetFinder.csproj", "{E5A55584-7EBB-444B-A7DC-66C73E9AAA9C}"
EndProject
Global
	GlobalSection(SolutionConfigurationPlatforms) = preSolution
		Debug|Any CPU = Debug|Any CPU
		Release|Any CPU = Release|Any CPU
	EndGlobalSection
	GlobalSection(ProjectConfigurationPlatforms) = postSolution
		{E5A55584-7EBB-444B-A7DC-66C73E9AAA9C}.Debug|Any CPU.ActiveCfg = Debug|Any CPU
		{E5A55584-7EBB-444B-A7DC-66C73E9AAA9C}.Debug|Any CPU.Build.0 = Debug|Any CPU
		{E5A55584-7EBB-444B-A7DC-66C73E9AAA9C}.Release|Any CPU.ActiveCfg = Release|Any CPU
		{E5A55584-7EBB-444B-A7DC-66C73E9AAA9C}.Release|Any CPU.Build.0 = Release|Any CPU
	EndGlobalSection
	GlobalSection(SolutionProperties) = preSolution
		HideSolutionNode = FALSE
	EndGlobalSection
	GlobalSection(ExtensibilityGlobals) = postSolution
		SolutionGuid = {185D202E-5453-4092-B3F0-FA8731CC6AC0}
	EndGlobalSection
EndGlobal
